
Microsoft Visual Studio Solution File, Format Version 12.00
# Visual Studio Version 16
VisualStudioVersion = 16.0.29215.179
MinimumVisualStudioVersion = 10.0.40219.1
Project("{FAE04EC0-301F-11D3-BF4B-00C04F79EFBC}") = "AMC-RenameFiles", "AMC-RenameFiles\AMC-RenameFiles.csproj", "{03A80805-C47C-4917-8135-3BD062703590}"
EndProject
Project("{9A19103F-16F7-4668-BE54-9A1E7A4F7556}") = "SelectFiles", "SelectFiles\SelectFiles.csproj", "{5B6CF43C-121D-4006-BD82-5A680C1C2A7C}"
EndProject
Project("{FAE04EC0-301F-11D3-BF4B-00C04F79EFBC}") = "LookForFiles", "LookForFiles\LookForFiles.csproj", "{E951FBED-441D-416E-93D2-7B935C9D6830}"
EndProject
Global
	GlobalSection(SolutionConfigurationPlatforms) = preSolution
		Debug|Any CPU = Debug|Any CPU
		Release|Any CPU = Release|Any CPU
	EndGlobalSection
	GlobalSection(ProjectConfigurationPlatforms) = postSolution
		{03A80805-C47C-4917-8135-3BD062703590}.Debug|Any CPU.ActiveCfg = Debug|Any CPU
		{03A80805-C47C-4917-8135-3BD062703590}.Debug|Any CPU.Build.0 = Debug|Any CPU
		{03A80805-C47C-4917-8135-3BD062703590}.Release|Any CPU.ActiveCfg = Release|Any CPU
		{03A80805-C47C-4917-8135-3BD062703590}.Release|Any CPU.Build.0 = Release|Any CPU
		{5B6CF43C-121D-4006-BD82-5A680C1C2A7C}.Debug|Any CPU.ActiveCfg = Debug|Any CPU
		{5B6CF43C-121D-4006-BD82-5A680C1C2A7C}.Debug|Any CPU.Build.0 = Debug|Any CPU
		{5B6CF43C-121D-4006-BD82-5A680C1C2A7C}.Release|Any CPU.ActiveCfg = Release|Any CPU
		{5B6CF43C-121D-4006-BD82-5A680C1C2A7C}.Release|Any CPU.Build.0 = Release|Any CPU
		{E951FBED-441D-416E-93D2-7B935C9D6830}.Debug|Any CPU.ActiveCfg = Debug|Any CPU
		{E951FBED-441D-416E-93D2-7B935C9D6830}.Debug|Any CPU.Build.0 = Debug|Any CPU
		{E951FBED-441D-416E-93D2-7B935C9D6830}.Release|Any CPU.ActiveCfg = Release|Any CPU
		{E951FBED-441D-416E-93D2-7B935C9D6830}.Release|Any CPU.Build.0 = Release|Any CPU
	EndGlobalSection
	GlobalSection(SolutionProperties) = preSolution
		HideSolutionNode = FALSE
	EndGlobalSection
	GlobalSection(ExtensibilityGlobals) = postSolution
		SolutionGuid = {5F56DE65-F497-46B5-B520-A11024A638E6}
	EndGlobalSection
EndGlobal
